
Microsoft Visual Studio Solution File, Format Version 12.00
# Visual Studio Version 17
VisualStudioVersion = 17.0.31903.59
MinimumVisualStudioVersion = 10.0.40219.1
Project("{FAE04EC0-301F-11D3-BF4B-00C04F79EFBC}") = "FinanceVision.Domain", "FinanceVision.Domain\FinanceVision.Domain.csproj", "{270B6817-7EB1-4DFA-A243-B19A7B43E0A7}"
EndProject
Project("{FAE04EC0-301F-11D3-BF4B-00C04F79EFBC}") = "FinanceVision.Application", "FinanceVision.Application\FinanceVision.Application.csproj", "{126C34DE-DBD4-412F-BE3D-28713A676A8D}"
EndProject
Project("{FAE04EC0-301F-11D3-BF4B-00C04F79EFBC}") = "FinanceVision.Infrastructure", "FinanceVision.Infrastructure\FinanceVision.Infrastructure.csproj", "{D7B45182-5044-41D5-85AC-17D212E44F32}"
EndProject
Project("{FAE04EC0-301F-11D3-BF4B-00C04F79EFBC}") = "FinanceVision.WebUI", "FinanceVision.WebUI\FinanceVision.WebUI.csproj", "{AA282626-E050-4137-8DB8-6149FA0DC4C3}"
EndProject
Global
	GlobalSection(SolutionConfigurationPlatforms) = preSolution
		Debug|Any CPU = Debug|Any CPU
		Debug|x64 = Debug|x64
		Debug|x86 = Debug|x86
		Release|Any CPU = Release|Any CPU
		Release|x64 = Release|x64
		Release|x86 = Release|x86
	EndGlobalSection
	GlobalSection(ProjectConfigurationPlatforms) = postSolution
		{270B6817-7EB1-4DFA-A243-B19A7B43E0A7}.Debug|Any CPU.ActiveCfg = Debug|Any CPU
		{270B6817-7EB1-4DFA-A243-B19A7B43E0A7}.Debug|Any CPU.Build.0 = Debug|Any CPU
		{270B6817-7EB1-4DFA-A243-B19A7B43E0A7}.Debug|x64.ActiveCfg = Debug|Any CPU
		{270B6817-7EB1-4DFA-A243-B19A7B43E0A7}.Debug|x64.Build.0 = Debug|Any CPU
		{270B6817-7EB1-4DFA-A243-B19A7B43E0A7}.Debug|x86.ActiveCfg = Debug|Any CPU
		{270B6817-7EB1-4DFA-A243-B19A7B43E0A7}.Debug|x86.Build.0 = Debug|Any CPU
		{270B6817-7EB1-4DFA-A243-B19A7B43E0A7}.Release|Any CPU.ActiveCfg = Release|Any CPU
		{270B6817-7EB1-4DFA-A243-B19A7B43E0A7}.Release|Any CPU.Build.0 = Release|Any CPU
		{270B6817-7EB1-4DFA-A243-B19A7B43E0A7}.Release|x64.ActiveCfg = Release|Any CPU
		{270B6817-7EB1-4DFA-A243-B19A7B43E0A7}.Release|x64.Build.0 = Release|Any CPU
		{270B6817-7EB1-4DFA-A243-B19A7B43E0A7}.Release|x86.ActiveCfg = Release|Any CPU
		{270B6817-7EB1-4DFA-A243-B19A7B43E0A7}.Release|x86.Build.0 = Release|Any CPU
		{126C34DE-DBD4-412F-BE3D-28713A676A8D}.Debug|Any CPU.ActiveCfg = Debug|Any CPU
		{126C34DE-DBD4-412F-BE3D-28713A676A8D}.Debug|Any CPU.Build.0 = Debug|Any CPU
		{126C34DE-DBD4-412F-BE3D-28713A676A8D}.Debug|x64.ActiveCfg = Debug|Any CPU
		{126C34DE-DBD4-412F-BE3D-28713A676A8D}.Debug|x64.Build.0 = Debug|Any CPU
		{126C34DE-DBD4-412F-BE3D-28713A676A8D}.Debug|x86.ActiveCfg = Debug|Any CPU
		{126C34DE-DBD4-412F-BE3D-28713A676A8D}.Debug|x86.Build.0 = Debug|Any CPU
		{126C34DE-DBD4-412F-BE3D-28713A676A8D}.Release|Any CPU.ActiveCfg = Release|Any CPU
		{126C34DE-DBD4-412F-BE3D-28713A676A8D}.Release|Any CPU.Build.0 = Release|Any CPU
		{126C34DE-DBD4-412F-BE3D-28713A676A8D}.Release|x64.ActiveCfg = Release|Any CPU
		{126C34DE-DBD4-412F-BE3D-28713A676A8D}.Release|x64.Build.0 = Release|Any CPU
		{126C34DE-DBD4-412F-BE3D-28713A676A8D}.Release|x86.ActiveCfg = Release|Any CPU
		{126C34DE-DBD4-412F-BE3D-28713A676A8D}.Release|x86.Build.0 = Release|Any CPU
		{D7B45182-5044-41D5-85AC-17D212E44F32}.Debug|Any CPU.ActiveCfg = Debug|Any CPU
		{D7B45182-5044-41D5-85AC-17D212E44F32}.Debug|Any CPU.Build.0 = Debug|Any CPU
		{D7B45182-5044-41D5-85AC-17D212E44F32}.Debug|x64.ActiveCfg = Debug|Any CPU
		{D7B45182-5044-41D5-85AC-17D212E44F32}.Debug|x64.Build.0 = Debug|Any CPU
		{D7B45182-5044-41D5-85AC-17D212E44F32}.Debug|x86.ActiveCfg = Debug|Any CPU
		{D7B45182-5044-41D5-85AC-17D212E44F32}.Debug|x86.Build.0 = Debug|Any CPU
		{D7B45182-5044-41D5-85AC-17D212E44F32}.Release|Any CPU.ActiveCfg = Release|Any CPU
		{D7B45182-5044-41D5-85AC-17D212E44F32}.Release|Any CPU.Build.0 = Release|Any CPU
		{D7B45182-5044-41D5-85AC-17D212E44F32}.Release|x64.ActiveCfg = Release|Any CPU
		{D7B45182-5044-41D5-85AC-17D212E44F32}.Release|x64.Build.0 = Release|Any CPU
		{D7B45182-5044-41D5-85AC-17D212E44F32}.Release|x86.ActiveCfg = Release|Any CPU
		{D7B45182-5044-41D5-85AC-17D212E44F32}.Release|x86.Build.0 = Release|Any CPU
		{AA282626-E050-4137-8DB8-6149FA0DC4C3}.Debug|Any CPU.ActiveCfg = Debug|Any CPU
		{AA282626-E050-4137-8DB8-6149FA0DC4C3}.Debug|Any CPU.Build.0 = Debug|Any CPU
		{AA282626-E050-4137-8DB8-6149FA0DC4C3}.Debug|x64.ActiveCfg = Debug|Any CPU
		{AA282626-E050-4137-8DB8-6149FA0DC4C3}.Debug|x64.Build.0 = Debug|Any CPU
		{AA282626-E050-4137-8DB8-6149FA0DC4C3}.Debug|x86.ActiveCfg = Debug|Any CPU
		{AA282626-E050-4137-8DB8-6149FA0DC4C3}.Debug|x86.Build.0 = Debug|Any CPU
		{AA282626-E050-4137-8DB8-6149FA0DC4C3}.Release|Any CPU.ActiveCfg = Release|Any CPU
		{AA282626-E050-4137-8DB8-6149FA0DC4C3}.Release|Any CPU.Build.0 = Release|Any CPU
		{AA282626-E050-4137-8DB8-6149FA0DC4C3}.Release|x64.ActiveCfg = Release|Any CPU
		{AA282626-E050-4137-8DB8-6149FA0DC4C3}.Release|x64.Build.0 = Release|Any CPU
		{AA282626-E050-4137-8DB8-6149FA0DC4C3}.Release|x86.ActiveCfg = Release|Any CPU
		{AA282626-E050-4137-8DB8-6149FA0DC4C3}.Release|x86.Build.0 = Release|Any CPU
	EndGlobalSection
	GlobalSection(SolutionProperties) = preSolution
		HideSolutionNode = FALSE
	EndGlobalSection
EndGlobal
